
Microsoft Visual Studio Solution File, Format Version 12.00
# Visual Studio 15
VisualStudioVersion = 15.0.27703.2035
MinimumVisualStudioVersion = 10.0.40219.1
Project("{FAE04EC0-301F-11D3-BF4B-00C04F79EFBC}") = "Cibertec.UI.MVC", "Cibertec.UI.MVC\Cibertec.UI.MVC.csproj", "{1802588D-8784-47D9-B72E-4DE943A96B88}"
EndProject
Global
	GlobalSection(SolutionConfigurationPlatforms) = preSolution
		Debug|Any CPU = Debug|Any CPU
		Release|Any CPU = Release|Any CPU
	EndGlobalSection
	GlobalSection(ProjectConfigurationPlatforms) = postSolution
		{1802588D-8784-47D9-B72E-4DE943A96B88}.Debug|Any CPU.ActiveCfg = Debug|Any CPU
		{1802588D-8784-47D9-B72E-4DE943A96B88}.Debug|Any CPU.Build.0 = Debug|Any CPU
		{1802588D-8784-47D9-B72E-4DE943A96B88}.Release|Any CPU.ActiveCfg = Release|Any CPU
		{1802588D-8784-47D9-B72E-4DE943A96B88}.Release|Any CPU.Build.0 = Release|Any CPU
	EndGlobalSection
	GlobalSection(SolutionProperties) = preSolution
		HideSolutionNode = FALSE
	EndGlobalSection
	GlobalSection(ExtensibilityGlobals) = postSolution
		SolutionGuid = {EDD7AA33-E031-4151-A3DA-5230DFD56976}
	EndGlobalSection
EndGlobal
