
Microsoft Visual Studio Solution File, Format Version 12.00
# Visual Studio 15
VisualStudioVersion = 15.0.27703.2035
MinimumVisualStudioVersion = 10.0.40219.1
Project("{FAE04EC0-301F-11D3-BF4B-00C04F79EFBC}") = "App.Entities.Base", "App.Entities.Base\App.Entities.Base.csproj", "{FED3664E-AC84-48E6-B8CE-3D8543D3B744}"
EndProject
Project("{FAE04EC0-301F-11D3-BF4B-00C04F79EFBC}") = "App.Data.DataBase", "App.Data.DataBase\App.Data.DataBase.csproj", "{B2BEAD6D-77F6-4913-AE2C-7290FDAB487F}"
EndProject
Project("{FAE04EC0-301F-11D3-BF4B-00C04F79EFBC}") = "App.Data.DataBase.Test", "App.Data.DataBase.Test\App.Data.DataBase.Test.csproj", "{6E290CB5-AAC8-4797-B41C-384A4FA6C849}"
EndProject
Project("{FAE04EC0-301F-11D3-BF4B-00C04F79EFBC}") = "App.Data.Repository.Interfaces", "App.Data.Repository.Interfaces\App.Data.Repository.Interfaces.csproj", "{5273536B-A9E5-4EF7-991E-4836D7A76244}"
EndProject
Project("{FAE04EC0-301F-11D3-BF4B-00C04F79EFBC}") = "App.Data.Repository", "App.Data.Repository\App.Data.Repository.csproj", "{3F1E7A8A-10DA-4DC3-9AF8-C6266CD06090}"
EndProject
Project("{FAE04EC0-301F-11D3-BF4B-00C04F79EFBC}") = "App.Data.Repository.Test", "App.Data.Repository.Test\App.Data.Repository.Test.csproj", "{0D312F29-58BA-4CF2-8C5E-BF7B5ADE105E}"
EndProject
Project("{FAE04EC0-301F-11D3-BF4B-00C04F79EFBC}") = "App.UI.Web.MVC", "App.UI.Web.MVC\App.UI.Web.MVC.csproj", "{70FA4496-4F29-4A83-9220-0E7D1A4A0950}"
EndProject
Project("{FAE04EC0-301F-11D3-BF4B-00C04F79EFBC}") = "App.UI.Web.MVC.Tests", "App.UI.Web.MVC.Tests\App.UI.Web.MVC.Tests.csproj", "{8B2338C0-7CCC-41A6-BF54-2A25A3C8D543}"
EndProject
Project("{2150E333-8FDC-42A3-9474-1A3956D46DE8}") = "Data", "Data", "{1351A3AD-ED9D-4585-8C53-83471F0F3A3C}"
EndProject
Project("{2150E333-8FDC-42A3-9474-1A3956D46DE8}") = "Entities", "Entities", "{6970C048-474D-45FE-BD3E-7C7C84858157}"
EndProject
Project("{2150E333-8FDC-42A3-9474-1A3956D46DE8}") = "Presentacion", "Presentacion", "{884ED6AB-EB20-474B-8A25-BCF62B4BFED9}"
EndProject
Project("{2150E333-8FDC-42A3-9474-1A3956D46DE8}") = "Domain", "Domain", "{0595794B-2BA9-49E3-8020-F4A2CDDE0B1D}"
EndProject
Project("{FAE04EC0-301F-11D3-BF4B-00C04F79EFBC}") = "App.Domain.Services", "App.Domain.Services\App.Domain.Services.csproj", "{D7EC80F9-B0AB-4534-A7E4-6C3255B68EEB}"
EndProject
Project("{FAE04EC0-301F-11D3-BF4B-00C04F79EFBC}") = "App.Domain.Services.Interfaces", "App.Domain.Services.Interfaces\App.Domain.Services.Interfaces.csproj", "{94B2273D-EA6C-442E-9021-6CF2B5CD043E}"
EndProject
Global
	GlobalSection(SolutionConfigurationPlatforms) = preSolution
		Debug|Any CPU = Debug|Any CPU
		Release|Any CPU = Release|Any CPU
	EndGlobalSection
	GlobalSection(ProjectConfigurationPlatforms) = postSolution
		{FED3664E-AC84-48E6-B8CE-3D8543D3B744}.Debug|Any CPU.ActiveCfg = Debug|Any CPU
		{FED3664E-AC84-48E6-B8CE-3D8543D3B744}.Debug|Any CPU.Build.0 = Debug|Any CPU
		{FED3664E-AC84-48E6-B8CE-3D8543D3B744}.Release|Any CPU.ActiveCfg = Release|Any CPU
		{FED3664E-AC84-48E6-B8CE-3D8543D3B744}.Release|Any CPU.Build.0 = Release|Any CPU
		{B2BEAD6D-77F6-4913-AE2C-7290FDAB487F}.Debug|Any CPU.ActiveCfg = Debug|Any CPU
		{B2BEAD6D-77F6-4913-AE2C-7290FDAB487F}.Debug|Any CPU.Build.0 = Debug|Any CPU
		{B2BEAD6D-77F6-4913-AE2C-7290FDAB487F}.Release|Any CPU.ActiveCfg = Release|Any CPU
		{B2BEAD6D-77F6-4913-AE2C-7290FDAB487F}.Release|Any CPU.Build.0 = Release|Any CPU
		{6E290CB5-AAC8-4797-B41C-384A4FA6C849}.Debug|Any CPU.ActiveCfg = Debug|Any CPU
		{6E290CB5-AAC8-4797-B41C-384A4FA6C849}.Debug|Any CPU.Build.0 = Debug|Any CPU
		{6E290CB5-AAC8-4797-B41C-384A4FA6C849}.Release|Any CPU.ActiveCfg = Release|Any CPU
		{6E290CB5-AAC8-4797-B41C-384A4FA6C849}.Release|Any CPU.Build.0 = Release|Any CPU
		{5273536B-A9E5-4EF7-991E-4836D7A76244}.Debug|Any CPU.ActiveCfg = Debug|Any CPU
		{5273536B-A9E5-4EF7-991E-4836D7A76244}.Debug|Any CPU.Build.0 = Debug|Any CPU
		{5273536B-A9E5-4EF7-991E-4836D7A76244}.Release|Any CPU.ActiveCfg = Release|Any CPU
		{5273536B-A9E5-4EF7-991E-4836D7A76244}.Release|Any CPU.Build.0 = Release|Any CPU
		{3F1E7A8A-10DA-4DC3-9AF8-C6266CD06090}.Debug|Any CPU.ActiveCfg = Debug|Any CPU
		{3F1E7A8A-10DA-4DC3-9AF8-C6266CD06090}.Debug|Any CPU.Build.0 = Debug|Any CPU
		{3F1E7A8A-10DA-4DC3-9AF8-C6266CD06090}.Release|Any CPU.ActiveCfg = Release|Any CPU
		{3F1E7A8A-10DA-4DC3-9AF8-C6266CD06090}.Release|Any CPU.Build.0 = Release|Any CPU
		{0D312F29-58BA-4CF2-8C5E-BF7B5ADE105E}.Debug|Any CPU.ActiveCfg = Debug|Any CPU
		{0D312F29-58BA-4CF2-8C5E-BF7B5ADE105E}.Debug|Any CPU.Build.0 = Debug|Any CPU
		{0D312F29-58BA-4CF2-8C5E-BF7B5ADE105E}.Release|Any CPU.ActiveCfg = Release|Any CPU
		{0D312F29-58BA-4CF2-8C5E-BF7B5ADE105E}.Release|Any CPU.Build.0 = Release|Any CPU
		{70FA4496-4F29-4A83-9220-0E7D1A4A0950}.Debug|Any CPU.ActiveCfg = Debug|Any CPU
		{70FA4496-4F29-4A83-9220-0E7D1A4A0950}.Debug|Any CPU.Build.0 = Debug|Any CPU
		{70FA4496-4F29-4A83-9220-0E7D1A4A0950}.Release|Any CPU.ActiveCfg = Release|Any CPU
		{70FA4496-4F29-4A83-9220-0E7D1A4A0950}.Release|Any CPU.Build.0 = Release|Any CPU
		{8B2338C0-7CCC-41A6-BF54-2A25A3C8D543}.Debug|Any CPU.ActiveCfg = Debug|Any CPU
		{8B2338C0-7CCC-41A6-BF54-2A25A3C8D543}.Debug|Any CPU.Build.0 = Debug|Any CPU
		{8B2338C0-7CCC-41A6-BF54-2A25A3C8D543}.Release|Any CPU.ActiveCfg = Release|Any CPU
		{8B2338C0-7CCC-41A6-BF54-2A25A3C8D543}.Release|Any CPU.Build.0 = Release|Any CPU
		{D7EC80F9-B0AB-4534-A7E4-6C3255B68EEB}.Debug|Any CPU.ActiveCfg = Debug|Any CPU
		{D7EC80F9-B0AB-4534-A7E4-6C3255B68EEB}.Debug|Any CPU.Build.0 = Debug|Any CPU
		{D7EC80F9-B0AB-4534-A7E4-6C3255B68EEB}.Release|Any CPU.ActiveCfg = Release|Any CPU
		{D7EC80F9-B0AB-4534-A7E4-6C3255B68EEB}.Release|Any CPU.Build.0 = Release|Any CPU
		{94B2273D-EA6C-442E-9021-6CF2B5CD043E}.Debug|Any CPU.ActiveCfg = Debug|Any CPU
		{94B2273D-EA6C-442E-9021-6CF2B5CD043E}.Debug|Any CPU.Build.0 = Debug|Any CPU
		{94B2273D-EA6C-442E-9021-6CF2B5CD043E}.Release|Any CPU.ActiveCfg = Release|Any CPU
		{94B2273D-EA6C-442E-9021-6CF2B5CD043E}.Release|Any CPU.Build.0 = Release|Any CPU
	EndGlobalSection
	GlobalSection(SolutionProperties) = preSolution
		HideSolutionNode = FALSE
	EndGlobalSection
	GlobalSection(NestedProjects) = preSolution
		{FED3664E-AC84-48E6-B8CE-3D8543D3B744} = {6970C048-474D-45FE-BD3E-7C7C84858157}
		{B2BEAD6D-77F6-4913-AE2C-7290FDAB487F} = {1351A3AD-ED9D-4585-8C53-83471F0F3A3C}
		{6E290CB5-AAC8-4797-B41C-384A4FA6C849} = {1351A3AD-ED9D-4585-8C53-83471F0F3A3C}
		{5273536B-A9E5-4EF7-991E-4836D7A76244} = {1351A3AD-ED9D-4585-8C53-83471F0F3A3C}
		{3F1E7A8A-10DA-4DC3-9AF8-C6266CD06090} = {1351A3AD-ED9D-4585-8C53-83471F0F3A3C}
		{0D312F29-58BA-4CF2-8C5E-BF7B5ADE105E} = {1351A3AD-ED9D-4585-8C53-83471F0F3A3C}
		{70FA4496-4F29-4A83-9220-0E7D1A4A0950} = {884ED6AB-EB20-474B-8A25-BCF62B4BFED9}
		{8B2338C0-7CCC-41A6-BF54-2A25A3C8D543} = {884ED6AB-EB20-474B-8A25-BCF62B4BFED9}
		{D7EC80F9-B0AB-4534-A7E4-6C3255B68EEB} = {0595794B-2BA9-49E3-8020-F4A2CDDE0B1D}
		{94B2273D-EA6C-442E-9021-6CF2B5CD043E} = {0595794B-2BA9-49E3-8020-F4A2CDDE0B1D}
	EndGlobalSection
	GlobalSection(ExtensibilityGlobals) = postSolution
		SolutionGuid = {4C9747B3-47F1-490B-88A5-55AC9E902C63}
	EndGlobalSection
EndGlobal
